
Microsoft Visual Studio Solution File, Format Version 12.00
# Visual Studio Version 16
VisualStudioVersion = 16.0.30717.126
MinimumVisualStudioVersion = 10.0.40219.1
Project("{FAE04EC0-301F-11D3-BF4B-00C04F79EFBC}") = "nguyenconghau-5951071025", "nguyenconghau-5951071025.csproj", "{D74F3986-1964-4AF4-BCAF-A1CB6EB4D9BD}"
EndProject
Global
	GlobalSection(SolutionConfigurationPlatforms) = preSolution
		Debug|Any CPU = Debug|Any CPU
		Release|Any CPU = Release|Any CPU
	EndGlobalSection
	GlobalSection(ProjectConfigurationPlatforms) = postSolution
		{D74F3986-1964-4AF4-BCAF-A1CB6EB4D9BD}.Debug|Any CPU.ActiveCfg = Debug|Any CPU
		{D74F3986-1964-4AF4-BCAF-A1CB6EB4D9BD}.Debug|Any CPU.Build.0 = Debug|Any CPU
		{D74F3986-1964-4AF4-BCAF-A1CB6EB4D9BD}.Release|Any CPU.ActiveCfg = Release|Any CPU
		{D74F3986-1964-4AF4-BCAF-A1CB6EB4D9BD}.Release|Any CPU.Build.0 = Release|Any CPU
	EndGlobalSection
	GlobalSection(SolutionProperties) = preSolution
		HideSolutionNode = FALSE
	EndGlobalSection
	GlobalSection(ExtensibilityGlobals) = postSolution
		SolutionGuid = {8B8CBC7C-276A-4D32-A12E-5DAFC61EBBA2}
	EndGlobalSection
EndGlobal
